
Microsoft Visual Studio Solution File, Format Version 12.00
# Visual Studio Version 16
VisualStudioVersion = 16.0.31424.327
MinimumVisualStudioVersion = 10.0.40219.1
Project("{9A19103F-16F7-4668-BE54-9A1E7A4F7556}") = "CodeFirstApproach", "CodeFirstApproach.csproj", "{B6CAA459-4790-40B8-A095-A278F82B87A5}"
EndProject
Global
	GlobalSection(SolutionConfigurationPlatforms) = preSolution
		Debug|Any CPU = Debug|Any CPU
		Release|Any CPU = Release|Any CPU
	EndGlobalSection
	GlobalSection(ProjectConfigurationPlatforms) = postSolution
		{B6CAA459-4790-40B8-A095-A278F82B87A5}.Debug|Any CPU.ActiveCfg = Debug|Any CPU
		{B6CAA459-4790-40B8-A095-A278F82B87A5}.Debug|Any CPU.Build.0 = Debug|Any CPU
		{B6CAA459-4790-40B8-A095-A278F82B87A5}.Release|Any CPU.ActiveCfg = Release|Any CPU
		{B6CAA459-4790-40B8-A095-A278F82B87A5}.Release|Any CPU.Build.0 = Release|Any CPU
	EndGlobalSection
	GlobalSection(SolutionProperties) = preSolution
		HideSolutionNode = FALSE
	EndGlobalSection
	GlobalSection(ExtensibilityGlobals) = postSolution
		SolutionGuid = {5ACA2584-DF8A-4810-A49D-D310E8DE4CE1}
	EndGlobalSection
EndGlobal
